
Microsoft Visual Studio Solution File, Format Version 12.00
# Visual Studio Version 17
VisualStudioVersion = 17.3.32922.545
MinimumVisualStudioVersion = 10.0.40219.1
Project("{FAE04EC0-301F-11D3-BF4B-00C04F79EFBC}") = "Angular", "Angular.csproj", "{B61DD1A0-423C-48E8-B3A2-9E33717EDB03}"
EndProject
Global
	GlobalSection(SolutionConfigurationPlatforms) = preSolution
		Debug|Any CPU = Debug|Any CPU
		Release|Any CPU = Release|Any CPU
	EndGlobalSection
	GlobalSection(ProjectConfigurationPlatforms) = postSolution
		{B61DD1A0-423C-48E8-B3A2-9E33717EDB03}.Debug|Any CPU.ActiveCfg = Debug|Any CPU
		{B61DD1A0-423C-48E8-B3A2-9E33717EDB03}.Debug|Any CPU.Build.0 = Debug|Any CPU
		{B61DD1A0-423C-48E8-B3A2-9E33717EDB03}.Release|Any CPU.ActiveCfg = Release|Any CPU
		{B61DD1A0-423C-48E8-B3A2-9E33717EDB03}.Release|Any CPU.Build.0 = Release|Any CPU
	EndGlobalSection
	GlobalSection(SolutionProperties) = preSolution
		HideSolutionNode = FALSE
	EndGlobalSection
	GlobalSection(ExtensibilityGlobals) = postSolution
		SolutionGuid = {9E69E7A2-480F-4FF5-BECE-0E57DDF23587}
	EndGlobalSection
EndGlobal
